Microsoft Visual Studio Solution File, Format Version 12.00
# Visual Studio Version 17
VisualStudioVersion = 17.5.2.0
MinimumVisualStudioVersion = 10.0.40219.1
Project("{2150E333-8FDC-42A3-9474-1A3956D46DE8}") = "PresentationLayer", "PresentationLayer", "{92941749-9560-4CB9-B715-1D7B239A5666}"
EndProject
Project("{FAE04EC0-301F-11D3-BF4B-00C04F79EFBC}") = "DNAAnalysis.Api", "PresentationLayer\DNAAnalysis.Api\DNAAnalysis.Api.csproj", "{01E8F93A-CF9C-412B-ABD4-22B7FE5EE429}"
EndProject
Project("{FAE04EC0-301F-11D3-BF4B-00C04F79EFBC}") = "DNAAnalysis.Shared", "DNAAnalysis.Shared\DNAAnalysis.Shared.csproj", "{0F217412-8BC5-4CC2-BA4D-6664A08733F1}"
EndProject
Project("{FAE04EC0-301F-11D3-BF4B-00C04F79EFBC}") = "DNAAnalysis.Presentation", "PresentationLayer\DNAAnalysis.Presentation\DNAAnalysis.Presentation.csproj", "{9D533A24-95D2-41A1-90C1-F85177188B01}"
EndProject
Project("{2150E333-8FDC-42A3-9474-1A3956D46DE8}") = "ApplicationCoreLayer", "ApplicationCoreLayer", "{22A99F3A-A252-49DF-911C-203C25F1D0CA}"
EndProject
Project("{FAE04EC0-301F-11D3-BF4B-00C04F79EFBC}") = "DNAAnalysis.Domain", "ApplicationCoreLayer\DNAAnalysis.Domain\DNAAnalysis.Domain.csproj", "{A4F45BEF-C963-4D6F-8C6C-556788A56796}"
EndProject
Project("{FAE04EC0-301F-11D3-BF4B-00C04F79EFBC}") = "DNAAnalysis.Services", "ApplicationCoreLayer\DNAAnalysis.Services\DNAAnalysis.Services.csproj", "{FF00C93E-84D0-4809-B6C1-E70EA6A5F541}"
EndProject
Project("{FAE04EC0-301F-11D3-BF4B-00C04F79EFBC}") = "DNAAnalysis.Services.Abstraction", "ApplicationCoreLayer\DNAAnalysis.Services.Abstraction\DNAAnalysis.Services.Abstraction.csproj", "{9EA3788D-D393-481D-B39E-87036467E7F7}"
EndProject
Project("{2150E333-8FDC-42A3-9474-1A3956D46DE8}") = "InfrastructureLayer", "InfrastructureLayer", "{241597E2-2BE4-4880-89C7-63A17B5EACA9}"
EndProject
Project("{FAE04EC0-301F-11D3-BF4B-00C04F79EFBC}") = "DNAAnalysis.Persistence", "InfrastructureLayer\DNAAnalysis.Persistence\DNAAnalysis.Persistence.csproj", "{51C7F1B5-35A9-4B41-BBE9-73C3A2D490A2}"
EndProject
Global
	GlobalSection(SolutionConfigurationPlatforms) = preSolution
		Debug|Any CPU = Debug|Any CPU
		Release|Any CPU = Release|Any CPU
	EndGlobalSection
	GlobalSection(ProjectConfigurationPlatforms) = postSolution
		{01E8F93A-CF9C-412B-ABD4-22B7FE5EE429}.Debug|Any CPU.ActiveCfg = Debug|Any CPU
		{01E8F93A-CF9C-412B-ABD4-22B7FE5EE429}.Debug|Any CPU.Build.0 = Debug|Any CPU
		{01E8F93A-CF9C-412B-ABD4-22B7FE5EE429}.Release|Any CPU.ActiveCfg = Release|Any CPU
		{01E8F93A-CF9C-412B-ABD4-22B7FE5EE429}.Release|Any CPU.Build.0 = Release|Any CPU
		{0F217412-8BC5-4CC2-BA4D-6664A08733F1}.Debug|Any CPU.ActiveCfg = Debug|Any CPU
		{0F217412-8BC5-4CC2-BA4D-6664A08733F1}.Debug|Any CPU.Build.0 = Debug|Any CPU
		{0F217412-8BC5-4CC2-BA4D-6664A08733F1}.Release|Any CPU.ActiveCfg = Release|Any CPU
		{0F217412-8BC5-4CC2-BA4D-6664A08733F1}.Release|Any CPU.Build.0 = Release|Any CPU
		{9D533A24-95D2-41A1-90C1-F85177188B01}.Debug|Any CPU.ActiveCfg = Debug|Any CPU
		{9D533A24-95D2-41A1-90C1-F85177188B01}.Debug|Any CPU.Build.0 = Debug|Any CPU
		{9D533A24-95D2-41A1-90C1-F85177188B01}.Release|Any CPU.ActiveCfg = Release|Any CPU
		{9D533A24-95D2-41A1-90C1-F85177188B01}.Release|Any CPU.Build.0 = Release|Any CPU
		{A4F45BEF-C963-4D6F-8C6C-556788A56796}.Debug|Any CPU.ActiveCfg = Debug|Any CPU
		{A4F45BEF-C963-4D6F-8C6C-556788A56796}.Debug|Any CPU.Build.0 = Debug|Any CPU
		{A4F45BEF-C963-4D6F-8C6C-556788A56796}.Release|Any CPU.ActiveCfg = Release|Any CPU
		{A4F45BEF-C963-4D6F-8C6C-556788A56796}.Release|Any CPU.Build.0 = Release|Any CPU
		{FF00C93E-84D0-4809-B6C1-E70EA6A5F541}.Debug|Any CPU.ActiveCfg = Debug|Any CPU
		{FF00C93E-84D0-4809-B6C1-E70EA6A5F541}.Debug|Any CPU.Build.0 = Debug|Any CPU
		{FF00C93E-84D0-4809-B6C1-E70EA6A5F541}.Release|Any CPU.ActiveCfg = Release|Any CPU
		{FF00C93E-84D0-4809-B6C1-E70EA6A5F541}.Release|Any CPU.Build.0 = Release|Any CPU
		{9EA3788D-D393-481D-B39E-87036467E7F7}.Debug|Any CPU.ActiveCfg = Debug|Any CPU
		{9EA3788D-D393-481D-B39E-87036467E7F7}.Debug|Any CPU.Build.0 = Debug|Any CPU
		{9EA3788D-D393-481D-B39E-87036467E7F7}.Release|Any CPU.ActiveCfg = Release|Any CPU
		{9EA3788D-D393-481D-B39E-87036467E7F7}.Release|Any CPU.Build.0 = Release|Any CPU
		{51C7F1B5-35A9-4B41-BBE9-73C3A2D490A2}.Debug|Any CPU.ActiveCfg = Debug|Any CPU
		{51C7F1B5-35A9-4B41-BBE9-73C3A2D490A2}.Debug|Any CPU.Build.0 = Debug|Any CPU
		{51C7F1B5-35A9-4B41-BBE9-73C3A2D490A2}.Release|Any CPU.ActiveCfg = Release|Any CPU
		{51C7F1B5-35A9-4B41-BBE9-73C3A2D490A2}.Release|Any CPU.Build.0 = Release|Any CPU
	EndGlobalSection
	GlobalSection(SolutionProperties) = preSolution
		HideSolutionNode = FALSE
	EndGlobalSection
	GlobalSection(ExtensibilityGlobals) = postSolution
		SolutionGuid = {6A579792-44FA-49DD-8985-A9FEC343C763}
	EndGlobalSection
	GlobalSection(NestedProjects) = preSolution
		{01E8F93A-CF9C-412B-ABD4-22B7FE5EE429} = {92941749-9560-4CB9-B715-1D7B239A5666}
		{9D533A24-95D2-41A1-90C1-F85177188B01} = {92941749-9560-4CB9-B715-1D7B239A5666}
		{A4F45BEF-C963-4D6F-8C6C-556788A56796} = {22A99F3A-A252-49DF-911C-203C25F1D0CA}
		{FF00C93E-84D0-4809-B6C1-E70EA6A5F541} = {22A99F3A-A252-49DF-911C-203C25F1D0CA}
		{9EA3788D-D393-481D-B39E-87036467E7F7} = {22A99F3A-A252-49DF-911C-203C25F1D0CA}
		{51C7F1B5-35A9-4B41-BBE9-73C3A2D490A2} = {241597E2-2BE4-4880-89C7-63A17B5EACA9}
	EndGlobalSection
EndGlobal
